
Microsoft Visual Studio Solution File, Format Version 12.00
# Visual Studio Version 17
VisualStudioVersion = 17.9.34728.123
MinimumVisualStudioVersion = 10.0.40219.1
Project("{9A19103F-16F7-4668-BE54-9A1E7A4F7556}") = "Ex1", "Homework2\Ex1.csproj", "{70346789-969E-488F-8652-6339C1B0D847}"
EndProject
Project("{9A19103F-16F7-4668-BE54-9A1E7A4F7556}") = "Ex2", "Ex2\Ex2.csproj", "{C5A83AC9-556C-45B6-89F2-6C083EE81B51}"
EndProject
Project("{9A19103F-16F7-4668-BE54-9A1E7A4F7556}") = "Ex3", "Ex3\Ex3.csproj", "{AA6E51AA-8961-4B35-869B-448477EAE2A7}"
EndProject
Project("{9A19103F-16F7-4668-BE54-9A1E7A4F7556}") = "Ex4", "Ex4\Ex4.csproj", "{B1DC2EC4-77A5-4006-8AEF-5204365C4DBB}"
EndProject
Project("{9A19103F-16F7-4668-BE54-9A1E7A4F7556}") = "Ex5", "Ex5\Ex5.csproj", "{9EACC4F5-D80B-40DE-8C9A-07B16ECED3D6}"
EndProject
Project("{9A19103F-16F7-4668-BE54-9A1E7A4F7556}") = "Ex6", "Ex6\Ex6.csproj", "{C9326C6E-5C72-4BCC-862D-1EF0D785853C}"
EndProject
Project("{9A19103F-16F7-4668-BE54-9A1E7A4F7556}") = "EX7", "EX7\EX7.csproj", "{BC7FC445-C4FB-4D21-8EB8-D2F8225C23B3}"
EndProject
Project("{9A19103F-16F7-4668-BE54-9A1E7A4F7556}") = "EX8", "..\EX8\EX8.csproj", "{AC8A8FD7-A393-4DAB-A140-406CD496A947}"
EndProject
Project("{9A19103F-16F7-4668-BE54-9A1E7A4F7556}") = "EX9", "EX9\EX9.csproj", "{65204EF9-0694-41BD-9744-180045FEBC34}"
EndProject
Project("{9A19103F-16F7-4668-BE54-9A1E7A4F7556}") = "Ex10", "EX10\Ex10.csproj", "{8AE5E54F-CC28-4BAC-8727-DDC506862378}"
EndProject
Project("{9A19103F-16F7-4668-BE54-9A1E7A4F7556}") = "ex11", "ex11\ex11.csproj", "{35B06069-9928-4E4F-AC8C-70FD2FEF9383}"
EndProject
Project("{2150E333-8FDC-42A3-9474-1A3956D46DE8}") = "NewFolder1", "NewFolder1", "{9C8859CF-B06B-42C0-80A3-44380563DB1C}"
EndProject
Project("{9A19103F-16F7-4668-BE54-9A1E7A4F7556}") = "Ex12", "Ex12\Ex12.csproj", "{2BF07CA1-6BA1-428E-BD66-E135BC1E8873}"
EndProject
Project("{9A19103F-16F7-4668-BE54-9A1E7A4F7556}") = "ex13", "ex13\ex13.csproj", "{E03DFF36-68AF-41D3-B14C-5E57F3CB3C14}"
EndProject
Project("{9A19103F-16F7-4668-BE54-9A1E7A4F7556}") = "Ex14", "Ex14\Ex14.csproj", "{89027657-D29E-4A64-BFDA-50623568786E}"
EndProject
Project("{9A19103F-16F7-4668-BE54-9A1E7A4F7556}") = "Ex 15", "Ex 15\Ex 15.csproj", "{952983C2-51FC-4670-A7FB-E6BB2619534C}"
EndProject
Project("{9A19103F-16F7-4668-BE54-9A1E7A4F7556}") = "Ex16", "Ex16\Ex16.csproj", "{92333034-DC92-4973-AB89-CB4A0F1FB5E4}"
EndProject
Project("{9A19103F-16F7-4668-BE54-9A1E7A4F7556}") = "Ex17", "Ex17\Ex17.csproj", "{E066FDA9-E1E4-4036-B6DF-7D3AA63566DA}"
EndProject
Project("{9A19103F-16F7-4668-BE54-9A1E7A4F7556}") = "Ex18", "Ex18\Ex18.csproj", "{0D653BC7-788C-4309-ADBF-BECFBAEC7D13}"
EndProject
Project("{9A19103F-16F7-4668-BE54-9A1E7A4F7556}") = "Ex19", "Ex19\Ex19.csproj", "{D2E1FDC7-0941-467F-B0D4-A4D6C60F7C8C}"
EndProject
Project("{9A19103F-16F7-4668-BE54-9A1E7A4F7556}") = "Ex20", "Ex20\Ex20.csproj", "{2B90AF4C-130A-4E74-A1E0-A288B5D7F2C6}"
EndProject
Project("{FAE04EC0-301F-11D3-BF4B-00C04F79EFBC}") = "Ex21", "21Ex\Ex21.csproj", "{EBEBF75B-3E74-405B-96A2-BB4A71A4BE29}"
EndProject
Project("{FAE04EC0-301F-11D3-BF4B-00C04F79EFBC}") = "Ex22", "22Ex\Ex22.csproj", "{BDBEDCC5-E6A8-455F-9964-9C58415297F6}"
EndProject
Global
	GlobalSection(SolutionConfigurationPlatforms) = preSolution
		Debug|Any CPU = Debug|Any CPU
		Release|Any CPU = Release|Any CPU
	EndGlobalSection
	GlobalSection(ProjectConfigurationPlatforms) = postSolution
		{70346789-969E-488F-8652-6339C1B0D847}.Debug|Any CPU.ActiveCfg = Debug|Any CPU
		{70346789-969E-488F-8652-6339C1B0D847}.Debug|Any CPU.Build.0 = Debug|Any CPU
		{70346789-969E-488F-8652-6339C1B0D847}.Release|Any CPU.ActiveCfg = Release|Any CPU
		{70346789-969E-488F-8652-6339C1B0D847}.Release|Any CPU.Build.0 = Release|Any CPU
		{C5A83AC9-556C-45B6-89F2-6C083EE81B51}.Debug|Any CPU.ActiveCfg = Debug|Any CPU
		{C5A83AC9-556C-45B6-89F2-6C083EE81B51}.Debug|Any CPU.Build.0 = Debug|Any CPU
		{C5A83AC9-556C-45B6-89F2-6C083EE81B51}.Release|Any CPU.ActiveCfg = Release|Any CPU
		{C5A83AC9-556C-45B6-89F2-6C083EE81B51}.Release|Any CPU.Build.0 = Release|Any CPU
		{AA6E51AA-8961-4B35-869B-448477EAE2A7}.Debug|Any CPU.ActiveCfg = Debug|Any CPU
		{AA6E51AA-8961-4B35-869B-448477EAE2A7}.Debug|Any CPU.Build.0 = Debug|Any CPU
		{AA6E51AA-8961-4B35-869B-448477EAE2A7}.Release|Any CPU.ActiveCfg = Release|Any CPU
		{AA6E51AA-8961-4B35-869B-448477EAE2A7}.Release|Any CPU.Build.0 = Release|Any CPU
		{B1DC2EC4-77A5-4006-8AEF-5204365C4DBB}.Debug|Any CPU.ActiveCfg = Debug|Any CPU
		{B1DC2EC4-77A5-4006-8AEF-5204365C4DBB}.Debug|Any CPU.Build.0 = Debug|Any CPU
		{B1DC2EC4-77A5-4006-8AEF-5204365C4DBB}.Release|Any CPU.ActiveCfg = Release|Any CPU
		{B1DC2EC4-77A5-4006-8AEF-5204365C4DBB}.Release|Any CPU.Build.0 = Release|Any CPU
		{9EACC4F5-D80B-40DE-8C9A-07B16ECED3D6}.Debug|Any CPU.ActiveCfg = Debug|Any CPU
		{9EACC4F5-D80B-40DE-8C9A-07B16ECED3D6}.Debug|Any CPU.Build.0 = Debug|Any CPU
		{9EACC4F5-D80B-40DE-8C9A-07B16ECED3D6}.Release|Any CPU.ActiveCfg = Release|Any CPU
		{9EACC4F5-D80B-40DE-8C9A-07B16ECED3D6}.Release|Any CPU.Build.0 = Release|Any CPU
		{C9326C6E-5C72-4BCC-862D-1EF0D785853C}.Debug|Any CPU.ActiveCfg = Debug|Any CPU
		{C9326C6E-5C72-4BCC-862D-1EF0D785853C}.Debug|Any CPU.Build.0 = Debug|Any CPU
		{C9326C6E-5C72-4BCC-862D-1EF0D785853C}.Release|Any CPU.ActiveCfg = Release|Any CPU
		{C9326C6E-5C72-4BCC-862D-1EF0D785853C}.Release|Any CPU.Build.0 = Release|Any CPU
		{BC7FC445-C4FB-4D21-8EB8-D2F8225C23B3}.Debug|Any CPU.ActiveCfg = Debug|Any CPU
		{BC7FC445-C4FB-4D21-8EB8-D2F8225C23B3}.Debug|Any CPU.Build.0 = Debug|Any CPU
		{BC7FC445-C4FB-4D21-8EB8-D2F8225C23B3}.Release|Any CPU.ActiveCfg = Release|Any CPU
		{BC7FC445-C4FB-4D21-8EB8-D2F8225C23B3}.Release|Any CPU.Build.0 = Release|Any CPU
		{AC8A8FD7-A393-4DAB-A140-406CD496A947}.Debug|Any CPU.ActiveCfg = Debug|Any CPU
		{AC8A8FD7-A393-4DAB-A140-406CD496A947}.Debug|Any CPU.Build.0 = Debug|Any CPU
		{AC8A8FD7-A393-4DAB-A140-406CD496A947}.Release|Any CPU.ActiveCfg = Release|Any CPU
		{AC8A8FD7-A393-4DAB-A140-406CD496A947}.Release|Any CPU.Build.0 = Release|Any CPU
		{65204EF9-0694-41BD-9744-180045FEBC34}.Debug|Any CPU.ActiveCfg = Debug|Any CPU
		{65204EF9-0694-41BD-9744-180045FEBC34}.Debug|Any CPU.Build.0 = Debug|Any CPU
		{65204EF9-0694-41BD-9744-180045FEBC34}.Release|Any CPU.ActiveCfg = Release|Any CPU
		{65204EF9-0694-41BD-9744-180045FEBC34}.Release|Any CPU.Build.0 = Release|Any CPU
		{8AE5E54F-CC28-4BAC-8727-DDC506862378}.Debug|Any CPU.ActiveCfg = Debug|Any CPU
		{8AE5E54F-CC28-4BAC-8727-DDC506862378}.Debug|Any CPU.Build.0 = Debug|Any CPU
		{8AE5E54F-CC28-4BAC-8727-DDC506862378}.Release|Any CPU.ActiveCfg = Release|Any CPU
		{8AE5E54F-CC28-4BAC-8727-DDC506862378}.Release|Any CPU.Build.0 = Release|Any CPU
		{35B06069-9928-4E4F-AC8C-70FD2FEF9383}.Debug|Any CPU.ActiveCfg = Debug|Any CPU
		{35B06069-9928-4E4F-AC8C-70FD2FEF9383}.Debug|Any CPU.Build.0 = Debug|Any CPU
		{35B06069-9928-4E4F-AC8C-70FD2FEF9383}.Release|Any CPU.ActiveCfg = Release|Any CPU
		{35B06069-9928-4E4F-AC8C-70FD2FEF9383}.Release|Any CPU.Build.0 = Release|Any CPU
		{2BF07CA1-6BA1-428E-BD66-E135BC1E8873}.Debug|Any CPU.ActiveCfg = Debug|Any CPU
		{2BF07CA1-6BA1-428E-BD66-E135BC1E8873}.Debug|Any CPU.Build.0 = Debug|Any CPU
		{2BF07CA1-6BA1-428E-BD66-E135BC1E8873}.Release|Any CPU.ActiveCfg = Release|Any CPU
		{2BF07CA1-6BA1-428E-BD66-E135BC1E8873}.Release|Any CPU.Build.0 = Release|Any CPU
		{E03DFF36-68AF-41D3-B14C-5E57F3CB3C14}.Debug|Any CPU.ActiveCfg = Debug|Any CPU
		{E03DFF36-68AF-41D3-B14C-5E57F3CB3C14}.Debug|Any CPU.Build.0 = Debug|Any CPU
		{E03DFF36-68AF-41D3-B14C-5E57F3CB3C14}.Release|Any CPU.ActiveCfg = Release|Any CPU
		{E03DFF36-68AF-41D3-B14C-5E57F3CB3C14}.Release|Any CPU.Build.0 = Release|Any CPU
		{89027657-D29E-4A64-BFDA-50623568786E}.Debug|Any CPU.ActiveCfg = Debug|Any CPU
		{89027657-D29E-4A64-BFDA-50623568786E}.Debug|Any CPU.Build.0 = Debug|Any CPU
		{89027657-D29E-4A64-BFDA-50623568786E}.Release|Any CPU.ActiveCfg = Release|Any CPU
		{89027657-D29E-4A64-BFDA-50623568786E}.Release|Any CPU.Build.0 = Release|Any CPU
		{952983C2-51FC-4670-A7FB-E6BB2619534C}.Debug|Any CPU.ActiveCfg = Debug|Any CPU
		{952983C2-51FC-4670-A7FB-E6BB2619534C}.Debug|Any CPU.Build.0 = Debug|Any CPU
		{952983C2-51FC-4670-A7FB-E6BB2619534C}.Release|Any CPU.ActiveCfg = Release|Any CPU
		{952983C2-51FC-4670-A7FB-E6BB2619534C}.Release|Any CPU.Build.0 = Release|Any CPU
		{92333034-DC92-4973-AB89-CB4A0F1FB5E4}.Debug|Any CPU.ActiveCfg = Debug|Any CPU
		{92333034-DC92-4973-AB89-CB4A0F1FB5E4}.Debug|Any CPU.Build.0 = Debug|Any CPU
		{92333034-DC92-4973-AB89-CB4A0F1FB5E4}.Release|Any CPU.ActiveCfg = Release|Any CPU
		{92333034-DC92-4973-AB89-CB4A0F1FB5E4}.Release|Any CPU.Build.0 = Release|Any CPU
		{E066FDA9-E1E4-4036-B6DF-7D3AA63566DA}.Debug|Any CPU.ActiveCfg = Debug|Any CPU
		{E066FDA9-E1E4-4036-B6DF-7D3AA63566DA}.Debug|Any CPU.Build.0 = Debug|Any CPU
		{E066FDA9-E1E4-4036-B6DF-7D3AA63566DA}.Release|Any CPU.ActiveCfg = Release|Any CPU
		{E066FDA9-E1E4-4036-B6DF-7D3AA63566DA}.Release|Any CPU.Build.0 = Release|Any CPU
		{0D653BC7-788C-4309-ADBF-BECFBAEC7D13}.Debug|Any CPU.ActiveCfg = Debug|Any CPU
		{0D653BC7-788C-4309-ADBF-BECFBAEC7D13}.Debug|Any CPU.Build.0 = Debug|Any CPU
		{0D653BC7-788C-4309-ADBF-BECFBAEC7D13}.Release|Any CPU.ActiveCfg = Release|Any CPU
		{0D653BC7-788C-4309-ADBF-BECFBAEC7D13}.Release|Any CPU.Build.0 = Release|Any CPU
		{D2E1FDC7-0941-467F-B0D4-A4D6C60F7C8C}.Debug|Any CPU.ActiveCfg = Debug|Any CPU
		{D2E1FDC7-0941-467F-B0D4-A4D6C60F7C8C}.Debug|Any CPU.Build.0 = Debug|Any CPU
		{D2E1FDC7-0941-467F-B0D4-A4D6C60F7C8C}.Release|Any CPU.ActiveCfg = Release|Any CPU
		{D2E1FDC7-0941-467F-B0D4-A4D6C60F7C8C}.Release|Any CPU.Build.0 = Release|Any CPU
		{2B90AF4C-130A-4E74-A1E0-A288B5D7F2C6}.Debug|Any CPU.ActiveCfg = Debug|Any CPU
		{2B90AF4C-130A-4E74-A1E0-A288B5D7F2C6}.Debug|Any CPU.Build.0 = Debug|Any CPU
		{2B90AF4C-130A-4E74-A1E0-A288B5D7F2C6}.Release|Any CPU.ActiveCfg = Release|Any CPU
		{2B90AF4C-130A-4E74-A1E0-A288B5D7F2C6}.Release|Any CPU.Build.0 = Release|Any CPU
		{EBEBF75B-3E74-405B-96A2-BB4A71A4BE29}.Debug|Any CPU.ActiveCfg = Debug|Any CPU
		{EBEBF75B-3E74-405B-96A2-BB4A71A4BE29}.Debug|Any CPU.Build.0 = Debug|Any CPU
		{EBEBF75B-3E74-405B-96A2-BB4A71A4BE29}.Release|Any CPU.ActiveCfg = Release|Any CPU
		{EBEBF75B-3E74-405B-96A2-BB4A71A4BE29}.Release|Any CPU.Build.0 = Release|Any CPU
		{BDBEDCC5-E6A8-455F-9964-9C58415297F6}.Debug|Any CPU.ActiveCfg = Debug|Any CPU
		{BDBEDCC5-E6A8-455F-9964-9C58415297F6}.Debug|Any CPU.Build.0 = Debug|Any CPU
		{BDBEDCC5-E6A8-455F-9964-9C58415297F6}.Release|Any CPU.ActiveCfg = Release|Any CPU
		{BDBEDCC5-E6A8-455F-9964-9C58415297F6}.Release|Any CPU.Build.0 = Release|Any CPU
	EndGlobalSection
	GlobalSection(SolutionProperties) = preSolution
		HideSolutionNode = FALSE
	EndGlobalSection
	GlobalSection(ExtensibilityGlobals) = postSolution
		SolutionGuid = {F918446E-86C0-4F67-B52F-84020B805A7E}
	EndGlobalSection
EndGlobal
